
Microsoft Visual Studio Solution File, Format Version 12.00
# Visual Studio Version 17
VisualStudioVersion = 17.2.32526.322
MinimumVisualStudioVersion = 10.0.40219.1
Project("{FAE04EC0-301F-11D3-BF4B-00C04F79EFBC}") = "IceFox", "IceFox\IceFox.csproj", "{CBD5B7DA-0DB3-4033-8076-CA57280565D8}"
EndProject
Global
	GlobalSection(SolutionConfigurationPlatforms) = preSolution
		Debug|Any CPU = Debug|Any CPU
		Release|Any CPU = Release|Any CPU
	EndGlobalSection
	GlobalSection(ProjectConfigurationPlatforms) = postSolution
		{CBD5B7DA-0DB3-4033-8076-CA57280565D8}.Debug|Any CPU.ActiveCfg = Debug|Any CPU
		{CBD5B7DA-0DB3-4033-8076-CA57280565D8}.Debug|Any CPU.Build.0 = Debug|Any CPU
		{CBD5B7DA-0DB3-4033-8076-CA57280565D8}.Release|Any CPU.ActiveCfg = Release|Any CPU
		{CBD5B7DA-0DB3-4033-8076-CA57280565D8}.Release|Any CPU.Build.0 = Release|Any CPU
	EndGlobalSection
	GlobalSection(SolutionProperties) = preSolution
		HideSolutionNode = FALSE
	EndGlobalSection
	GlobalSection(ExtensibilityGlobals) = postSolution
		SolutionGuid = {7B136449-C8C9-4DAD-A853-39AC3D8134A6}
	EndGlobalSection
EndGlobal
